
Microsoft Visual Studio Solution File, Format Version 12.00
# Visual Studio 15
VisualStudioVersion = 15.0.28010.2036
MinimumVisualStudioVersion = 10.0.40219.1
Project("{FAE04EC0-301F-11D3-BF4B-00C04F79EFBC}") = "WebServer", "HTTPServer\WebServer.csproj", "{56E8B608-E44E-4BA8-9059-5A7984DC308E}"
EndProject
Global
	GlobalSection(SolutionConfigurationPlatforms) = preSolution
		Debug|Any CPU = Debug|Any CPU
		Release|Any CPU = Release|Any CPU
	EndGlobalSection
	GlobalSection(ProjectConfigurationPlatforms) = postSolution
		{56E8B608-E44E-4BA8-9059-5A7984DC308E}.Debug|Any CPU.ActiveCfg = Debug|Any CPU
		{56E8B608-E44E-4BA8-9059-5A7984DC308E}.Debug|Any CPU.Build.0 = Debug|Any CPU
		{56E8B608-E44E-4BA8-9059-5A7984DC308E}.Release|Any CPU.ActiveCfg = Release|Any CPU
		{56E8B608-E44E-4BA8-9059-5A7984DC308E}.Release|Any CPU.Build.0 = Release|Any CPU
	EndGlobalSection
	GlobalSection(SolutionProperties) = preSolution
		HideSolutionNode = FALSE
	EndGlobalSection
	GlobalSection(ExtensibilityGlobals) = postSolution
		SolutionGuid = {130237D1-457F-4683-900F-31E7B9BC108C}
	EndGlobalSection
EndGlobal
