
Microsoft Visual Studio Solution File, Format Version 12.00
# Visual Studio 15
VisualStudioVersion = 15.0.28010.2036
MinimumVisualStudioVersion = 10.0.40219.1
Project("{9A19103F-16F7-4668-BE54-9A1E7A4F7556}") = "1.EvenNumbersThread", "1.EvenNumbersThread\1.EvenNumbersThread.csproj", "{938E2604-D85A-4487-88F1-BBB212E93CA6}"
EndProject
Project("{9A19103F-16F7-4668-BE54-9A1E7A4F7556}") = "2.SliceFile", "2.SliceFile\2.SliceFile.csproj", "{10158F5E-388C-4B78-A09D-0E4760FCF57B}"
EndProject
Project("{FAE04EC0-301F-11D3-BF4B-00C04F79EFBC}") = "3.SimpleWebServer", "3.SimpleWebServer\3.SimpleWebServer.csproj", "{42B34393-5E07-4B5C-BCF4-9C28A2A00FF0}"
EndProject
Global
	GlobalSection(SolutionConfigurationPlatforms) = preSolution
		Debug|Any CPU = Debug|Any CPU
		Release|Any CPU = Release|Any CPU
	EndGlobalSection
	GlobalSection(ProjectConfigurationPlatforms) = postSolution
		{938E2604-D85A-4487-88F1-BBB212E93CA6}.Debug|Any CPU.ActiveCfg = Debug|Any CPU
		{938E2604-D85A-4487-88F1-BBB212E93CA6}.Debug|Any CPU.Build.0 = Debug|Any CPU
		{938E2604-D85A-4487-88F1-BBB212E93CA6}.Release|Any CPU.ActiveCfg = Release|Any CPU
		{938E2604-D85A-4487-88F1-BBB212E93CA6}.Release|Any CPU.Build.0 = Release|Any CPU
		{10158F5E-388C-4B78-A09D-0E4760FCF57B}.Debug|Any CPU.ActiveCfg = Debug|Any CPU
		{10158F5E-388C-4B78-A09D-0E4760FCF57B}.Debug|Any CPU.Build.0 = Debug|Any CPU
		{10158F5E-388C-4B78-A09D-0E4760FCF57B}.Release|Any CPU.ActiveCfg = Release|Any CPU
		{10158F5E-388C-4B78-A09D-0E4760FCF57B}.Release|Any CPU.Build.0 = Release|Any CPU
		{42B34393-5E07-4B5C-BCF4-9C28A2A00FF0}.Debug|Any CPU.ActiveCfg = Debug|Any CPU
		{42B34393-5E07-4B5C-BCF4-9C28A2A00FF0}.Debug|Any CPU.Build.0 = Debug|Any CPU
		{42B34393-5E07-4B5C-BCF4-9C28A2A00FF0}.Release|Any CPU.ActiveCfg = Release|Any CPU
		{42B34393-5E07-4B5C-BCF4-9C28A2A00FF0}.Release|Any CPU.Build.0 = Release|Any CPU
	EndGlobalSection
	GlobalSection(SolutionProperties) = preSolution
		HideSolutionNode = FALSE
	EndGlobalSection
	GlobalSection(ExtensibilityGlobals) = postSolution
		SolutionGuid = {0383E1B2-F631-499C-9B0C-8288BEE3CE32}
	EndGlobalSection
EndGlobal
